
Microsoft Visual Studio Solution File, Format Version 12.00
# Visual Studio Version 17
VisualStudioVersion = 17.10.35013.160
MinimumVisualStudioVersion = 10.0.40219.1
Project("{9A19103F-16F7-4668-BE54-9A1E7A4F7556}") = "TemplateCSharp", "TemplateCSharp.csproj", "{FEED6B93-8FB4-4693-A8E7-BE9862699BF5}"
EndProject
Project("{2150E333-8FDC-42A3-9474-1A3956D46DE8}") = "1. API", "1. API", "{0794C221-510E-4D02-9934-4ABB4A9483E2}"
EndProject
Project("{2150E333-8FDC-42A3-9474-1A3956D46DE8}") = "2.Domain", "2.Domain", "{07907B51-A529-4E69-A015-725FD3C16520}"
EndProject
Project("{2150E333-8FDC-42A3-9474-1A3956D46DE8}") = "3.DataAccess", "3.DataAccess", "{CADFA7BE-42A7-4350-A995-3CB4D80E9C1D}"
EndProject
Project("{2150E333-8FDC-42A3-9474-1A3956D46DE8}") = "4.Shared", "4.Shared", "{770C0DAC-7122-4F75-AFA7-E1E72BFB94D4}"
EndProject
Project("{2150E333-8FDC-42A3-9474-1A3956D46DE8}") = "5.Test", "5.Test", "{24F45BD3-07F0-4173-B3BD-C2DA64707A1B}"
EndProject
Project("{9A19103F-16F7-4668-BE54-9A1E7A4F7556}") = "Domain", "Domain\Domain.csproj", "{F3E3E166-5ACA-405E-A794-8BE22E7B844A}"
EndProject
Project("{9A19103F-16F7-4668-BE54-9A1E7A4F7556}") = "Repository", "Repository\Repository.csproj", "{AC9972B3-C634-465D-893A-07DAF46DFB70}"
EndProject
Project("{9A19103F-16F7-4668-BE54-9A1E7A4F7556}") = "Shared", "Shared\Shared.csproj", "{3CE4D651-0922-4E62-8EE8-6D9F90796517}"
EndProject
Project("{9A19103F-16F7-4668-BE54-9A1E7A4F7556}") = "Test", "Test\Test.csproj", "{C183803E-4517-4B26-92D4-5481A4C8E3D5}"
EndProject
Global
	GlobalSection(SolutionConfigurationPlatforms) = preSolution
		Debug|Any CPU = Debug|Any CPU
		Release|Any CPU = Release|Any CPU
	EndGlobalSection
	GlobalSection(ProjectConfigurationPlatforms) = postSolution
		{FEED6B93-8FB4-4693-A8E7-BE9862699BF5}.Debug|Any CPU.ActiveCfg = Debug|Any CPU
		{FEED6B93-8FB4-4693-A8E7-BE9862699BF5}.Debug|Any CPU.Build.0 = Debug|Any CPU
		{FEED6B93-8FB4-4693-A8E7-BE9862699BF5}.Release|Any CPU.ActiveCfg = Release|Any CPU
		{FEED6B93-8FB4-4693-A8E7-BE9862699BF5}.Release|Any CPU.Build.0 = Release|Any CPU
		{F3E3E166-5ACA-405E-A794-8BE22E7B844A}.Debug|Any CPU.ActiveCfg = Debug|Any CPU
		{F3E3E166-5ACA-405E-A794-8BE22E7B844A}.Debug|Any CPU.Build.0 = Debug|Any CPU
		{F3E3E166-5ACA-405E-A794-8BE22E7B844A}.Release|Any CPU.ActiveCfg = Release|Any CPU
		{F3E3E166-5ACA-405E-A794-8BE22E7B844A}.Release|Any CPU.Build.0 = Release|Any CPU
		{AC9972B3-C634-465D-893A-07DAF46DFB70}.Debug|Any CPU.ActiveCfg = Debug|Any CPU
		{AC9972B3-C634-465D-893A-07DAF46DFB70}.Debug|Any CPU.Build.0 = Debug|Any CPU
		{AC9972B3-C634-465D-893A-07DAF46DFB70}.Release|Any CPU.ActiveCfg = Release|Any CPU
		{AC9972B3-C634-465D-893A-07DAF46DFB70}.Release|Any CPU.Build.0 = Release|Any CPU
		{3CE4D651-0922-4E62-8EE8-6D9F90796517}.Debug|Any CPU.ActiveCfg = Debug|Any CPU
		{3CE4D651-0922-4E62-8EE8-6D9F90796517}.Debug|Any CPU.Build.0 = Debug|Any CPU
		{3CE4D651-0922-4E62-8EE8-6D9F90796517}.Release|Any CPU.ActiveCfg = Release|Any CPU
		{3CE4D651-0922-4E62-8EE8-6D9F90796517}.Release|Any CPU.Build.0 = Release|Any CPU
		{C183803E-4517-4B26-92D4-5481A4C8E3D5}.Debug|Any CPU.ActiveCfg = Debug|Any CPU
		{C183803E-4517-4B26-92D4-5481A4C8E3D5}.Debug|Any CPU.Build.0 = Debug|Any CPU
		{C183803E-4517-4B26-92D4-5481A4C8E3D5}.Release|Any CPU.ActiveCfg = Release|Any CPU
		{C183803E-4517-4B26-92D4-5481A4C8E3D5}.Release|Any CPU.Build.0 = Release|Any CPU
	EndGlobalSection
	GlobalSection(SolutionProperties) = preSolution
		HideSolutionNode = FALSE
	EndGlobalSection
	GlobalSection(NestedProjects) = preSolution
		{FEED6B93-8FB4-4693-A8E7-BE9862699BF5} = {0794C221-510E-4D02-9934-4ABB4A9483E2}
		{F3E3E166-5ACA-405E-A794-8BE22E7B844A} = {07907B51-A529-4E69-A015-725FD3C16520}
		{AC9972B3-C634-465D-893A-07DAF46DFB70} = {CADFA7BE-42A7-4350-A995-3CB4D80E9C1D}
		{3CE4D651-0922-4E62-8EE8-6D9F90796517} = {770C0DAC-7122-4F75-AFA7-E1E72BFB94D4}
		{C183803E-4517-4B26-92D4-5481A4C8E3D5} = {24F45BD3-07F0-4173-B3BD-C2DA64707A1B}
	EndGlobalSection
	GlobalSection(ExtensibilityGlobals) = postSolution
		SolutionGuid = {C093050B-E210-4E50-AAFB-1E9F9CD2EA0E}
	EndGlobalSection
EndGlobal
