
Microsoft Visual Studio Solution File, Format Version 12.00
# Visual Studio Version 17
VisualStudioVersion = 17.10.35013.160
MinimumVisualStudioVersion = 10.0.40219.1
Project("{9A19103F-16F7-4668-BE54-9A1E7A4F7556}") = "TemplateCSharp", "TemplateCSharp.csproj", "{FEED6B93-8FB4-4693-A8E7-BE9862699BF5}"
EndProject
Project("{2150E333-8FDC-42A3-9474-1A3956D46DE8}") = "1. API", "1. API", "{0794C221-510E-4D02-9934-4ABB4A9483E2}"
EndProject
Project("{2150E333-8FDC-42A3-9474-1A3956D46DE8}") = "2.Domain", "2.Domain", "{07907B51-A529-4E69-A015-725FD3C16520}"
EndProject
Project("{2150E333-8FDC-42A3-9474-1A3956D46DE8}") = "3.DataAccess", "3.DataAccess", "{CADFA7BE-42A7-4350-A995-3CB4D80E9C1D}"
EndProject
Project("{2150E333-8FDC-42A3-9474-1A3956D46DE8}") = "4.Shared", "4.Shared", "{770C0DAC-7122-4F75-AFA7-E1E72BFB94D4}"
EndProject
Project("{2150E333-8FDC-42A3-9474-1A3956D46DE8}") = "5.Test", "5.Test", "{24F45BD3-07F0-4173-B3BD-C2DA64707A1B}"
EndProject
Project("{FAE04EC0-301F-11D3-BF4B-00C04F79EFBC}") = "Domain", "Domain\Domain.csproj", "{E528BBC3-1C26-8C35-F682-23718816ADCD}"
EndProject
Project("{FAE04EC0-301F-11D3-BF4B-00C04F79EFBC}") = "Repository", "Repository\Repository.csproj", "{CE8F3387-4CAB-64ED-80E3-18319C5DCD81}"
EndProject
Project("{FAE04EC0-301F-11D3-BF4B-00C04F79EFBC}") = "Shared", "Shared\Shared.csproj", "{22F72E50-B86A-48A6-4252-6FDC98C636E8}"
EndProject
Project("{FAE04EC0-301F-11D3-BF4B-00C04F79EFBC}") = "Test", "Test\Test\Test.csproj", "{13B8D4A1-3F60-468C-8BD4-E4DA078C8333}"
EndProject
Global
	GlobalSection(SolutionConfigurationPlatforms) = preSolution
		Debug|Any CPU = Debug|Any CPU
		Release|Any CPU = Release|Any CPU
	EndGlobalSection
	GlobalSection(ProjectConfigurationPlatforms) = postSolution
		{FEED6B93-8FB4-4693-A8E7-BE9862699BF5}.Debug|Any CPU.ActiveCfg = Debug|Any CPU
		{FEED6B93-8FB4-4693-A8E7-BE9862699BF5}.Debug|Any CPU.Build.0 = Debug|Any CPU
		{FEED6B93-8FB4-4693-A8E7-BE9862699BF5}.Release|Any CPU.ActiveCfg = Release|Any CPU
		{FEED6B93-8FB4-4693-A8E7-BE9862699BF5}.Release|Any CPU.Build.0 = Release|Any CPU
		{E528BBC3-1C26-8C35-F682-23718816ADCD}.Debug|Any CPU.ActiveCfg = Debug|Any CPU
		{E528BBC3-1C26-8C35-F682-23718816ADCD}.Debug|Any CPU.Build.0 = Debug|Any CPU
		{E528BBC3-1C26-8C35-F682-23718816ADCD}.Release|Any CPU.ActiveCfg = Release|Any CPU
		{E528BBC3-1C26-8C35-F682-23718816ADCD}.Release|Any CPU.Build.0 = Release|Any CPU
		{CE8F3387-4CAB-64ED-80E3-18319C5DCD81}.Debug|Any CPU.ActiveCfg = Debug|Any CPU
		{CE8F3387-4CAB-64ED-80E3-18319C5DCD81}.Debug|Any CPU.Build.0 = Debug|Any CPU
		{CE8F3387-4CAB-64ED-80E3-18319C5DCD81}.Release|Any CPU.ActiveCfg = Release|Any CPU
		{CE8F3387-4CAB-64ED-80E3-18319C5DCD81}.Release|Any CPU.Build.0 = Release|Any CPU
		{22F72E50-B86A-48A6-4252-6FDC98C636E8}.Debug|Any CPU.ActiveCfg = Debug|Any CPU
		{22F72E50-B86A-48A6-4252-6FDC98C636E8}.Debug|Any CPU.Build.0 = Debug|Any CPU
		{22F72E50-B86A-48A6-4252-6FDC98C636E8}.Release|Any CPU.ActiveCfg = Release|Any CPU
		{22F72E50-B86A-48A6-4252-6FDC98C636E8}.Release|Any CPU.Build.0 = Release|Any CPU
		{13B8D4A1-3F60-468C-8BD4-E4DA078C8333}.Debug|Any CPU.ActiveCfg = Debug|Any CPU
		{13B8D4A1-3F60-468C-8BD4-E4DA078C8333}.Debug|Any CPU.Build.0 = Debug|Any CPU
		{13B8D4A1-3F60-468C-8BD4-E4DA078C8333}.Release|Any CPU.ActiveCfg = Release|Any CPU
		{13B8D4A1-3F60-468C-8BD4-E4DA078C8333}.Release|Any CPU.Build.0 = Release|Any CPU
	EndGlobalSection
	GlobalSection(SolutionProperties) = preSolution
		HideSolutionNode = FALSE
	EndGlobalSection
	GlobalSection(NestedProjects) = preSolution
		{FEED6B93-8FB4-4693-A8E7-BE9862699BF5} = {0794C221-510E-4D02-9934-4ABB4A9483E2}
		{E528BBC3-1C26-8C35-F682-23718816ADCD} = {07907B51-A529-4E69-A015-725FD3C16520}
		{CE8F3387-4CAB-64ED-80E3-18319C5DCD81} = {CADFA7BE-42A7-4350-A995-3CB4D80E9C1D}
		{22F72E50-B86A-48A6-4252-6FDC98C636E8} = {770C0DAC-7122-4F75-AFA7-E1E72BFB94D4}
		{13B8D4A1-3F60-468C-8BD4-E4DA078C8333} = {24F45BD3-07F0-4173-B3BD-C2DA64707A1B}
	EndGlobalSection
	GlobalSection(ExtensibilityGlobals) = postSolution
		SolutionGuid = {C093050B-E210-4E50-AAFB-1E9F9CD2EA0E}
	EndGlobalSection
EndGlobal
